dependencies:
  espressif/eppp_link:
    component_hash: f82b41b83936cb99b01129c0aec5ebf39c4bbff252bea400062d8bc4e7b83e20
    dependencies:
    - name: espressif/esp_serial_slave_link
      registry_url: https://components.espressif.com
      require: private
      version: ^1.1.0
    - name: idf
      require: private
      version: '>=5.2'
    source:
      registry_url: https://components.espressif.com/
      type: service
    version: 0.3.1
  espressif/esp_hosted:
    component_hash: b655ac537a11d2257c75f88a0445cbaf19c71a5e1170ec7f287936efac169d7d
    dependencies:
    - name: idf
      require: private
      version: '>=5.3'
    source:
      registry_url: https://components.espressif.com/
      type: service
    version: 2.0.13
  espressif/esp_serial_slave_link:
    component_hash: d8c13c033a7604e9333b5d8ea45e0d6fec908fd552df7db20d33dd8d6916528d
    dependencies:
    - name: idf
      require: private
      version: '>=5.0'
    source:
      registry_url: https://components.espressif.com
      type: service
    version: 1.1.0~1
  espressif/esp_tinyusb:
    component_hash: f151d680d6847bfcfd5d8eb6d1c3ff926c208e6b963b2e83643a141bc70baa15
    dependencies:
    - name: idf
      require: private
      version: '>=5.0'
    - name: espressif/tinyusb
      registry_url: https://components.espressif.com
      require: public
      version: '>=0.14.2'
    source:
      registry_url: https://components.espressif.com/
      type: service
    version: 1.4.4
  espressif/esp_wifi_remote:
    component_hash: f290277e077b8f830fdb8f44f7cd7d2f74f8105428eb69bb4d6cd23d6482daaa
    dependencies:
    - name: espressif/eppp_link
      registry_url: https://components.espressif.com
      require: private
      version: '>=0.1'
    - name: espressif/esp_hosted
      registry_url: https://components.espressif.com
      require: private
      rules:
      - if: target in [esp32h2, esp32p4]
      version: '>=0.0.6'
    - name: idf
      require: private
      version: '>=5.3'
    source:
      registry_url: https://components.espressif.com/
      type: service
    version: 0.12.2
  espressif/tinyusb:
    component_hash: 10703da2c3cd39a944711ee3d320c6dda54debabf13b4b933a7c90daf102372b
    dependencies:
    - name: idf
      require: private
      version: '>=5.0'
    source:
      registry_url: https://components.espressif.com
      type: service
    targets:
    - esp32s2
    - esp32s3
    - esp32p4
    version: 0.18.0~2
  idf:
    source:
      type: idf
    version: 6.0.0
  protocol_examples_common:
    dependencies: []
    source:
      path: /home/chao/esp/master/esp-idf/examples/common_components/protocol_examples_common
      type: local
    version: '*'
direct_dependencies:
- espressif/eppp_link
- espressif/esp_hosted
- espressif/esp_tinyusb
- espressif/esp_wifi_remote
- protocol_examples_common
manifest_hash: e9bde329111a2ed1629236ee66c5e0e243af177da73ed0d2dd8b6744165d9e78
target: esp32p4
version: 2.0.0
